
Microsoft Visual Studio Solution File, Format Version 12.00
# Visual Studio Version 16
VisualStudioVersion = 16.0.30804.86
MinimumVisualStudioVersion = 10.0.40219.1
Project("{9A19103F-16F7-4668-BE54-9A1E7A4F7556}") = "Fursion_CSharpTools", "Fursion_CSharpTools\Fursion_CSharpTools.csproj", "{63228069-C989-4F46-976F-71DA15EE364F}"
EndProject
Project("{9A19103F-16F7-4668-BE54-9A1E7A4F7556}") = "GameServerMain", "..\..\GameServer\GameServerMain\GameServerMain.csproj", "{431B0BAC-9E09-4CB1-9EDE-22CD3401B0B9}"
EndProject
Project("{9A19103F-16F7-4668-BE54-9A1E7A4F7556}") = "ProtocolTools", "..\ProtocolTools\ProtocolTools.csproj", "{6E34C47E-53A5-4DD7-BCA1-37D7671A581F}"
EndProject
Project("{2150E333-8FDC-42A3-9474-1A3956D46DE8}") = "Solution Items", "Solution Items", "{1071694C-A742-49CA-A77C-06AA1A19B513}"
	ProjectSection(SolutionItems) = preProject
		.editorconfig = .editorconfig
	EndProjectSection
EndProject
Global
	GlobalSection(SolutionConfigurationPlatforms) = preSolution
		Debug|Any CPU = Debug|Any CPU
		Release|Any CPU = Release|Any CPU
	EndGlobalSection
	GlobalSection(ProjectConfigurationPlatforms) = postSolution
		{63228069-C989-4F46-976F-71DA15EE364F}.Debug|Any CPU.ActiveCfg = Debug|Any CPU
		{63228069-C989-4F46-976F-71DA15EE364F}.Debug|Any CPU.Build.0 = Debug|Any CPU
		{63228069-C989-4F46-976F-71DA15EE364F}.Release|Any CPU.ActiveCfg = Release|Any CPU
		{63228069-C989-4F46-976F-71DA15EE364F}.Release|Any CPU.Build.0 = Release|Any CPU
		{431B0BAC-9E09-4CB1-9EDE-22CD3401B0B9}.Debug|Any CPU.ActiveCfg = Debug|Any CPU
		{431B0BAC-9E09-4CB1-9EDE-22CD3401B0B9}.Debug|Any CPU.Build.0 = Debug|Any CPU
		{431B0BAC-9E09-4CB1-9EDE-22CD3401B0B9}.Release|Any CPU.ActiveCfg = Release|Any CPU
		{431B0BAC-9E09-4CB1-9EDE-22CD3401B0B9}.Release|Any CPU.Build.0 = Release|Any CPU
		{6E34C47E-53A5-4DD7-BCA1-37D7671A581F}.Debug|Any CPU.ActiveCfg = Debug|Any CPU
		{6E34C47E-53A5-4DD7-BCA1-37D7671A581F}.Debug|Any CPU.Build.0 = Debug|Any CPU
		{6E34C47E-53A5-4DD7-BCA1-37D7671A581F}.Release|Any CPU.ActiveCfg = Release|Any CPU
		{6E34C47E-53A5-4DD7-BCA1-37D7671A581F}.Release|Any CPU.Build.0 = Release|Any CPU
	EndGlobalSection
	GlobalSection(SolutionProperties) = preSolution
		HideSolutionNode = FALSE
	EndGlobalSection
	GlobalSection(ExtensibilityGlobals) = postSolution
		SolutionGuid = {33EB0EFA-33DD-4A61-BB85-94D572A5B3A0}
	EndGlobalSection
EndGlobal
